
Microsoft Visual Studio Solution File, Format Version 12.00
# Visual Studio Version 16
VisualStudioVersion = 16.0.29102.190
MinimumVisualStudioVersion = 10.0.40219.1
Project("{9A19103F-16F7-4668-BE54-9A1E7A4F7556}") = "TestBed", "TestBed\TestBed.csproj", "{0BC3A5DC-C872-4514-8E2D-E4D920BAA7F2}"
EndProject
Project("{9A19103F-16F7-4668-BE54-9A1E7A4F7556}") = "Operators", "Operators\Operators.csproj", "{9537957E-0C4F-4F86-AD75-2A3230462736}"
EndProject
Project("{9A19103F-16F7-4668-BE54-9A1E7A4F7556}") = "Conditional", "Conditional\Conditional.csproj", "{342B6F1E-F702-4BC9-AAB0-4E25152FB5CB}"
EndProject
Project("{9A19103F-16F7-4668-BE54-9A1E7A4F7556}") = "Todo", "Todo\Todo.csproj", "{8A636AE1-7E7C-4D61-AF41-07AB45E73246}"
EndProject
Project("{9A19103F-16F7-4668-BE54-9A1E7A4F7556}") = "Class vs Instance", "Class vs Instance\Class vs Instance.csproj", "{ADB81E33-1990-4F9E-8078-2F8A907B6208}"
EndProject
Project("{FAE04EC0-301F-11D3-BF4B-00C04F79EFBC}") = "Loops", "Loops\Loops.csproj", "{F676130A-C443-4E03-8E24-3DE194B72CC2}"
EndProject
Project("{FAE04EC0-301F-11D3-BF4B-00C04F79EFBC}") = "Day 6 - Review", "Day 6 - Review\Day 6 - Review.csproj", "{45E63465-112C-4ACD-BEBA-483129FC1889}"
EndProject
Project("{FAE04EC0-301F-11D3-BF4B-00C04F79EFBC}") = "Day7 - Arrays", "Day7 - Arrays\Day7 - Arrays.csproj", "{440E5EF9-8D66-415F-842E-3BDA17B12D40}"
EndProject
Project("{FAE04EC0-301F-11D3-BF4B-00C04F79EFBC}") = "Day 8 - Dictionaries and Maps", "Day 8 - Dictionaries and Maps\Day 8 - Dictionaries and Maps.csproj", "{3F78FE06-776C-45DC-ABAC-5A3969677043}"
EndProject
Global
	GlobalSection(SolutionConfigurationPlatforms) = preSolution
		Debug|Any CPU = Debug|Any CPU
		Release|Any CPU = Release|Any CPU
	EndGlobalSection
	GlobalSection(ProjectConfigurationPlatforms) = postSolution
		{0BC3A5DC-C872-4514-8E2D-E4D920BAA7F2}.Debug|Any CPU.ActiveCfg = Debug|Any CPU
		{0BC3A5DC-C872-4514-8E2D-E4D920BAA7F2}.Debug|Any CPU.Build.0 = Debug|Any CPU
		{0BC3A5DC-C872-4514-8E2D-E4D920BAA7F2}.Release|Any CPU.ActiveCfg = Release|Any CPU
		{0BC3A5DC-C872-4514-8E2D-E4D920BAA7F2}.Release|Any CPU.Build.0 = Release|Any CPU
		{9537957E-0C4F-4F86-AD75-2A3230462736}.Debug|Any CPU.ActiveCfg = Debug|Any CPU
		{9537957E-0C4F-4F86-AD75-2A3230462736}.Debug|Any CPU.Build.0 = Debug|Any CPU
		{9537957E-0C4F-4F86-AD75-2A3230462736}.Release|Any CPU.ActiveCfg = Release|Any CPU
		{9537957E-0C4F-4F86-AD75-2A3230462736}.Release|Any CPU.Build.0 = Release|Any CPU
		{342B6F1E-F702-4BC9-AAB0-4E25152FB5CB}.Debug|Any CPU.ActiveCfg = Debug|Any CPU
		{342B6F1E-F702-4BC9-AAB0-4E25152FB5CB}.Debug|Any CPU.Build.0 = Debug|Any CPU
		{342B6F1E-F702-4BC9-AAB0-4E25152FB5CB}.Release|Any CPU.ActiveCfg = Release|Any CPU
		{342B6F1E-F702-4BC9-AAB0-4E25152FB5CB}.Release|Any CPU.Build.0 = Release|Any CPU
		{8A636AE1-7E7C-4D61-AF41-07AB45E73246}.Debug|Any CPU.ActiveCfg = Debug|Any CPU
		{8A636AE1-7E7C-4D61-AF41-07AB45E73246}.Debug|Any CPU.Build.0 = Debug|Any CPU
		{8A636AE1-7E7C-4D61-AF41-07AB45E73246}.Release|Any CPU.ActiveCfg = Release|Any CPU
		{8A636AE1-7E7C-4D61-AF41-07AB45E73246}.Release|Any CPU.Build.0 = Release|Any CPU
		{ADB81E33-1990-4F9E-8078-2F8A907B6208}.Debug|Any CPU.ActiveCfg = Debug|Any CPU
		{ADB81E33-1990-4F9E-8078-2F8A907B6208}.Debug|Any CPU.Build.0 = Debug|Any CPU
		{ADB81E33-1990-4F9E-8078-2F8A907B6208}.Release|Any CPU.ActiveCfg = Release|Any CPU
		{ADB81E33-1990-4F9E-8078-2F8A907B6208}.Release|Any CPU.Build.0 = Release|Any CPU
		{F676130A-C443-4E03-8E24-3DE194B72CC2}.Debug|Any CPU.ActiveCfg = Debug|Any CPU
		{F676130A-C443-4E03-8E24-3DE194B72CC2}.Debug|Any CPU.Build.0 = Debug|Any CPU
		{F676130A-C443-4E03-8E24-3DE194B72CC2}.Release|Any CPU.ActiveCfg = Release|Any CPU
		{F676130A-C443-4E03-8E24-3DE194B72CC2}.Release|Any CPU.Build.0 = Release|Any CPU
		{45E63465-112C-4ACD-BEBA-483129FC1889}.Debug|Any CPU.ActiveCfg = Debug|Any CPU
		{45E63465-112C-4ACD-BEBA-483129FC1889}.Debug|Any CPU.Build.0 = Debug|Any CPU
		{45E63465-112C-4ACD-BEBA-483129FC1889}.Release|Any CPU.ActiveCfg = Release|Any CPU
		{45E63465-112C-4ACD-BEBA-483129FC1889}.Release|Any CPU.Build.0 = Release|Any CPU
		{440E5EF9-8D66-415F-842E-3BDA17B12D40}.Debug|Any CPU.ActiveCfg = Debug|Any CPU
		{440E5EF9-8D66-415F-842E-3BDA17B12D40}.Debug|Any CPU.Build.0 = Debug|Any CPU
		{440E5EF9-8D66-415F-842E-3BDA17B12D40}.Release|Any CPU.ActiveCfg = Release|Any CPU
		{440E5EF9-8D66-415F-842E-3BDA17B12D40}.Release|Any CPU.Build.0 = Release|Any CPU
		{3F78FE06-776C-45DC-ABAC-5A3969677043}.Debug|Any CPU.ActiveCfg = Debug|Any CPU
		{3F78FE06-776C-45DC-ABAC-5A3969677043}.Debug|Any CPU.Build.0 = Debug|Any CPU
		{3F78FE06-776C-45DC-ABAC-5A3969677043}.Release|Any CPU.ActiveCfg = Release|Any CPU
		{3F78FE06-776C-45DC-ABAC-5A3969677043}.Release|Any CPU.Build.0 = Release|Any CPU
	EndGlobalSection
	GlobalSection(SolutionProperties) = preSolution
		HideSolutionNode = FALSE
	EndGlobalSection
	GlobalSection(ExtensibilityGlobals) = postSolution
		SolutionGuid = {AFCD3699-B058-45FD-8705-23234BAC471C}
	EndGlobalSection
EndGlobal
