
Microsoft Visual Studio Solution File, Format Version 12.00
# Visual Studio Version 16
VisualStudioVersion = 16.0.29102.190
MinimumVisualStudioVersion = 10.0.40219.1
Project("{9A19103F-16F7-4668-BE54-9A1E7A4F7556}") = "TestBed", "TestBed\TestBed.csproj", "{0BC3A5DC-C872-4514-8E2D-E4D920BAA7F2}"
EndProject
Project("{9A19103F-16F7-4668-BE54-9A1E7A4F7556}") = "Operators", "Operators\Operators.csproj", "{9537957E-0C4F-4F86-AD75-2A3230462736}"
EndProject
Project("{9A19103F-16F7-4668-BE54-9A1E7A4F7556}") = "Conditional", "Conditional\Conditional.csproj", "{342B6F1E-F702-4BC9-AAB0-4E25152FB5CB}"
EndProject
Project("{9A19103F-16F7-4668-BE54-9A1E7A4F7556}") = "Todo", "Todo\Todo.csproj", "{8A636AE1-7E7C-4D61-AF41-07AB45E73246}"
EndProject
Project("{9A19103F-16F7-4668-BE54-9A1E7A4F7556}") = "Class vs Instance", "Class vs Instance\Class vs Instance.csproj", "{ADB81E33-1990-4F9E-8078-2F8A907B6208}"
EndProject
Project("{9A19103F-16F7-4668-BE54-9A1E7A4F7556}") = "Loops", "Loops\Loops.csproj", "{F676130A-C443-4E03-8E24-3DE194B72CC2}"
EndProject
Project("{9A19103F-16F7-4668-BE54-9A1E7A4F7556}") = "Day 6 - Review", "Day 6 - Review\Day 6 - Review.csproj", "{45E63465-112C-4ACD-BEBA-483129FC1889}"
EndProject
Project("{9A19103F-16F7-4668-BE54-9A1E7A4F7556}") = "Day7 - Arrays", "Day7 - Arrays\Day7 - Arrays.csproj", "{440E5EF9-8D66-415F-842E-3BDA17B12D40}"
EndProject
Project("{9A19103F-16F7-4668-BE54-9A1E7A4F7556}") = "Day 8 - Dictionaries and Maps", "Day 8 - Dictionaries and Maps\Day 8 - Dictionaries and Maps.csproj", "{3F78FE06-776C-45DC-ABAC-5A3969677043}"
EndProject
Project("{9A19103F-16F7-4668-BE54-9A1E7A4F7556}") = "Day 9 - Recursion", "Day 9 - Recursion\Day 9 - Recursion.csproj", "{3D246013-82D6-4D7E-8592-BDDE8C903A26}"
EndProject
Project("{9A19103F-16F7-4668-BE54-9A1E7A4F7556}") = "Day 10 - Binary numbers", "Day 10 - Binary numbers\Day 10 - Binary numbers.csproj", "{589ABC60-D7D7-4918-B90B-07C4E85B1DCC}"
EndProject
Project("{9A19103F-16F7-4668-BE54-9A1E7A4F7556}") = "Day11- 2d Arrays", "Day11- 2d Arrays\Day11- 2d Arrays.csproj", "{D3241A27-57C2-4DDD-9A4F-A6E29B9598C4}"
EndProject
Project("{9A19103F-16F7-4668-BE54-9A1E7A4F7556}") = "Day 12 - Inheritance", "Day 12 - Inheritance\Day 12 - Inheritance.csproj", "{9E020A72-D6D7-4CBD-9602-8605B5E87DCB}"
EndProject
Project("{9A19103F-16F7-4668-BE54-9A1E7A4F7556}") = "Day 13 - Abstract Classes", "Day 13 - Abstract Classes\Day 13 - Abstract Classes.csproj", "{E15D903F-DC29-47D9-AE4C-CDBE932D80C6}"
EndProject
Project("{FAE04EC0-301F-11D3-BF4B-00C04F79EFBC}") = "Day 14 - Scope", "Day 14 - Scope\Day 14 - Scope.csproj", "{FD3D045B-7949-4387-9CAE-E8DA678FCA29}"
EndProject
Project("{FAE04EC0-301F-11D3-BF4B-00C04F79EFBC}") = "Day 15 - LinkedList", "Day 15 - LinkedList\Day 15 - LinkedList.csproj", "{861D4B61-292E-47E2-B3C0-B5E0A1A2F0D6}"
EndProject
Project("{FAE04EC0-301F-11D3-BF4B-00C04F79EFBC}") = "Day 16 - Exceptions - String to Integer", "Day 16 - Exceptions - String to Integer\Day 16 - Exceptions - String to Integer.csproj", "{842C05AE-EE6F-419E-A13C-42B622EB97A0}"
EndProject
Project("{FAE04EC0-301F-11D3-BF4B-00C04F79EFBC}") = "Day 17 - More Exceptions", "Day 17 - More Exceptions\Day 17 - More Exceptions.csproj", "{83532A7E-DE3B-4263-9C1F-87B21A4D8A0A}"
EndProject
Project("{FAE04EC0-301F-11D3-BF4B-00C04F79EFBC}") = "Day 18 - Stacks and Queues", "Day 18 - Stacks and Queues\Day 18 - Stacks and Queues.csproj", "{1E8F35A9-2EE2-4C17-80AB-90FD1D6C8D10}"
EndProject
Project("{FAE04EC0-301F-11D3-BF4B-00C04F79EFBC}") = "Day 19 - Interfaces", "Day 19 - Interfaces\Day 19 - Interfaces.csproj", "{35354187-012D-47C8-8BC9-1A080B2BA403}"
EndProject
Project("{FAE04EC0-301F-11D3-BF4B-00C04F79EFBC}") = "Day 20 - Sorting", "Day 20 - Sorting\Day 20 - Sorting.csproj", "{C9E8C740-D879-417E-B13E-52E08D2430E4}"
EndProject
Project("{FAE04EC0-301F-11D3-BF4B-00C04F79EFBC}") = "Day 21 - Generics", "Day 21 - Generics\Day 21 - Generics.csproj", "{BA292925-EBC6-40E1-9F42-639E770BD569}"
EndProject
Project("{FAE04EC0-301F-11D3-BF4B-00C04F79EFBC}") = "Day 22 - Binary Search Trees", "Day 22 - Binary Search Trees\Day 22 - Binary Search Trees.csproj", "{5C8DC4AB-BB6D-4331-B295-9FE11BDEAB02}"
EndProject
Project("{FAE04EC0-301F-11D3-BF4B-00C04F79EFBC}") = "Day 23 - BST Level-Order Traversal", "Day 23 - BST Level-Order Traversal\Day 23 - BST Level-Order Traversal.csproj", "{0DD49044-65DA-40D8-9830-686D7620D213}"
EndProject
Global
	GlobalSection(SolutionConfigurationPlatforms) = preSolution
		Debug|Any CPU = Debug|Any CPU
		Release|Any CPU = Release|Any CPU
	EndGlobalSection
	GlobalSection(ProjectConfigurationPlatforms) = postSolution
		{0BC3A5DC-C872-4514-8E2D-E4D920BAA7F2}.Debug|Any CPU.ActiveCfg = Debug|Any CPU
		{0BC3A5DC-C872-4514-8E2D-E4D920BAA7F2}.Debug|Any CPU.Build.0 = Debug|Any CPU
		{0BC3A5DC-C872-4514-8E2D-E4D920BAA7F2}.Release|Any CPU.ActiveCfg = Release|Any CPU
		{0BC3A5DC-C872-4514-8E2D-E4D920BAA7F2}.Release|Any CPU.Build.0 = Release|Any CPU
		{9537957E-0C4F-4F86-AD75-2A3230462736}.Debug|Any CPU.ActiveCfg = Debug|Any CPU
		{9537957E-0C4F-4F86-AD75-2A3230462736}.Debug|Any CPU.Build.0 = Debug|Any CPU
		{9537957E-0C4F-4F86-AD75-2A3230462736}.Release|Any CPU.ActiveCfg = Release|Any CPU
		{9537957E-0C4F-4F86-AD75-2A3230462736}.Release|Any CPU.Build.0 = Release|Any CPU
		{342B6F1E-F702-4BC9-AAB0-4E25152FB5CB}.Debug|Any CPU.ActiveCfg = Debug|Any CPU
		{342B6F1E-F702-4BC9-AAB0-4E25152FB5CB}.Debug|Any CPU.Build.0 = Debug|Any CPU
		{342B6F1E-F702-4BC9-AAB0-4E25152FB5CB}.Release|Any CPU.ActiveCfg = Release|Any CPU
		{342B6F1E-F702-4BC9-AAB0-4E25152FB5CB}.Release|Any CPU.Build.0 = Release|Any CPU
		{8A636AE1-7E7C-4D61-AF41-07AB45E73246}.Debug|Any CPU.ActiveCfg = Debug|Any CPU
		{8A636AE1-7E7C-4D61-AF41-07AB45E73246}.Debug|Any CPU.Build.0 = Debug|Any CPU
		{8A636AE1-7E7C-4D61-AF41-07AB45E73246}.Release|Any CPU.ActiveCfg = Release|Any CPU
		{8A636AE1-7E7C-4D61-AF41-07AB45E73246}.Release|Any CPU.Build.0 = Release|Any CPU
		{ADB81E33-1990-4F9E-8078-2F8A907B6208}.Debug|Any CPU.ActiveCfg = Debug|Any CPU
		{ADB81E33-1990-4F9E-8078-2F8A907B6208}.Debug|Any CPU.Build.0 = Debug|Any CPU
		{ADB81E33-1990-4F9E-8078-2F8A907B6208}.Release|Any CPU.ActiveCfg = Release|Any CPU
		{ADB81E33-1990-4F9E-8078-2F8A907B6208}.Release|Any CPU.Build.0 = Release|Any CPU
		{F676130A-C443-4E03-8E24-3DE194B72CC2}.Debug|Any CPU.ActiveCfg = Debug|Any CPU
		{F676130A-C443-4E03-8E24-3DE194B72CC2}.Debug|Any CPU.Build.0 = Debug|Any CPU
		{F676130A-C443-4E03-8E24-3DE194B72CC2}.Release|Any CPU.ActiveCfg = Release|Any CPU
		{F676130A-C443-4E03-8E24-3DE194B72CC2}.Release|Any CPU.Build.0 = Release|Any CPU
		{45E63465-112C-4ACD-BEBA-483129FC1889}.Debug|Any CPU.ActiveCfg = Debug|Any CPU
		{45E63465-112C-4ACD-BEBA-483129FC1889}.Debug|Any CPU.Build.0 = Debug|Any CPU
		{45E63465-112C-4ACD-BEBA-483129FC1889}.Release|Any CPU.ActiveCfg = Release|Any CPU
		{45E63465-112C-4ACD-BEBA-483129FC1889}.Release|Any CPU.Build.0 = Release|Any CPU
		{440E5EF9-8D66-415F-842E-3BDA17B12D40}.Debug|Any CPU.ActiveCfg = Debug|Any CPU
		{440E5EF9-8D66-415F-842E-3BDA17B12D40}.Debug|Any CPU.Build.0 = Debug|Any CPU
		{440E5EF9-8D66-415F-842E-3BDA17B12D40}.Release|Any CPU.ActiveCfg = Release|Any CPU
		{440E5EF9-8D66-415F-842E-3BDA17B12D40}.Release|Any CPU.Build.0 = Release|Any CPU
		{3F78FE06-776C-45DC-ABAC-5A3969677043}.Debug|Any CPU.ActiveCfg = Debug|Any CPU
		{3F78FE06-776C-45DC-ABAC-5A3969677043}.Debug|Any CPU.Build.0 = Debug|Any CPU
		{3F78FE06-776C-45DC-ABAC-5A3969677043}.Release|Any CPU.ActiveCfg = Release|Any CPU
		{3F78FE06-776C-45DC-ABAC-5A3969677043}.Release|Any CPU.Build.0 = Release|Any CPU
		{3D246013-82D6-4D7E-8592-BDDE8C903A26}.Debug|Any CPU.ActiveCfg = Debug|Any CPU
		{3D246013-82D6-4D7E-8592-BDDE8C903A26}.Debug|Any CPU.Build.0 = Debug|Any CPU
		{3D246013-82D6-4D7E-8592-BDDE8C903A26}.Release|Any CPU.ActiveCfg = Release|Any CPU
		{3D246013-82D6-4D7E-8592-BDDE8C903A26}.Release|Any CPU.Build.0 = Release|Any CPU
		{589ABC60-D7D7-4918-B90B-07C4E85B1DCC}.Debug|Any CPU.ActiveCfg = Debug|Any CPU
		{589ABC60-D7D7-4918-B90B-07C4E85B1DCC}.Debug|Any CPU.Build.0 = Debug|Any CPU
		{589ABC60-D7D7-4918-B90B-07C4E85B1DCC}.Release|Any CPU.ActiveCfg = Release|Any CPU
		{589ABC60-D7D7-4918-B90B-07C4E85B1DCC}.Release|Any CPU.Build.0 = Release|Any CPU
		{D3241A27-57C2-4DDD-9A4F-A6E29B9598C4}.Debug|Any CPU.ActiveCfg = Debug|Any CPU
		{D3241A27-57C2-4DDD-9A4F-A6E29B9598C4}.Debug|Any CPU.Build.0 = Debug|Any CPU
		{D3241A27-57C2-4DDD-9A4F-A6E29B9598C4}.Release|Any CPU.ActiveCfg = Release|Any CPU
		{D3241A27-57C2-4DDD-9A4F-A6E29B9598C4}.Release|Any CPU.Build.0 = Release|Any CPU
		{9E020A72-D6D7-4CBD-9602-8605B5E87DCB}.Debug|Any CPU.ActiveCfg = Debug|Any CPU
		{9E020A72-D6D7-4CBD-9602-8605B5E87DCB}.Debug|Any CPU.Build.0 = Debug|Any CPU
		{9E020A72-D6D7-4CBD-9602-8605B5E87DCB}.Release|Any CPU.ActiveCfg = Release|Any CPU
		{9E020A72-D6D7-4CBD-9602-8605B5E87DCB}.Release|Any CPU.Build.0 = Release|Any CPU
		{E15D903F-DC29-47D9-AE4C-CDBE932D80C6}.Debug|Any CPU.ActiveCfg = Debug|Any CPU
		{E15D903F-DC29-47D9-AE4C-CDBE932D80C6}.Debug|Any CPU.Build.0 = Debug|Any CPU
		{E15D903F-DC29-47D9-AE4C-CDBE932D80C6}.Release|Any CPU.ActiveCfg = Release|Any CPU
		{E15D903F-DC29-47D9-AE4C-CDBE932D80C6}.Release|Any CPU.Build.0 = Release|Any CPU
		{FD3D045B-7949-4387-9CAE-E8DA678FCA29}.Debug|Any CPU.ActiveCfg = Debug|Any CPU
		{FD3D045B-7949-4387-9CAE-E8DA678FCA29}.Debug|Any CPU.Build.0 = Debug|Any CPU
		{FD3D045B-7949-4387-9CAE-E8DA678FCA29}.Release|Any CPU.ActiveCfg = Release|Any CPU
		{FD3D045B-7949-4387-9CAE-E8DA678FCA29}.Release|Any CPU.Build.0 = Release|Any CPU
		{861D4B61-292E-47E2-B3C0-B5E0A1A2F0D6}.Debug|Any CPU.ActiveCfg = Debug|Any CPU
		{861D4B61-292E-47E2-B3C0-B5E0A1A2F0D6}.Debug|Any CPU.Build.0 = Debug|Any CPU
		{861D4B61-292E-47E2-B3C0-B5E0A1A2F0D6}.Release|Any CPU.ActiveCfg = Release|Any CPU
		{861D4B61-292E-47E2-B3C0-B5E0A1A2F0D6}.Release|Any CPU.Build.0 = Release|Any CPU
		{842C05AE-EE6F-419E-A13C-42B622EB97A0}.Debug|Any CPU.ActiveCfg = Debug|Any CPU
		{842C05AE-EE6F-419E-A13C-42B622EB97A0}.Debug|Any CPU.Build.0 = Debug|Any CPU
		{842C05AE-EE6F-419E-A13C-42B622EB97A0}.Release|Any CPU.ActiveCfg = Release|Any CPU
		{842C05AE-EE6F-419E-A13C-42B622EB97A0}.Release|Any CPU.Build.0 = Release|Any CPU
		{83532A7E-DE3B-4263-9C1F-87B21A4D8A0A}.Debug|Any CPU.ActiveCfg = Debug|Any CPU
		{83532A7E-DE3B-4263-9C1F-87B21A4D8A0A}.Debug|Any CPU.Build.0 = Debug|Any CPU
		{83532A7E-DE3B-4263-9C1F-87B21A4D8A0A}.Release|Any CPU.ActiveCfg = Release|Any CPU
		{83532A7E-DE3B-4263-9C1F-87B21A4D8A0A}.Release|Any CPU.Build.0 = Release|Any CPU
		{1E8F35A9-2EE2-4C17-80AB-90FD1D6C8D10}.Debug|Any CPU.ActiveCfg = Debug|Any CPU
		{1E8F35A9-2EE2-4C17-80AB-90FD1D6C8D10}.Debug|Any CPU.Build.0 = Debug|Any CPU
		{1E8F35A9-2EE2-4C17-80AB-90FD1D6C8D10}.Release|Any CPU.ActiveCfg = Release|Any CPU
		{1E8F35A9-2EE2-4C17-80AB-90FD1D6C8D10}.Release|Any CPU.Build.0 = Release|Any CPU
		{35354187-012D-47C8-8BC9-1A080B2BA403}.Debug|Any CPU.ActiveCfg = Debug|Any CPU
		{35354187-012D-47C8-8BC9-1A080B2BA403}.Debug|Any CPU.Build.0 = Debug|Any CPU
		{35354187-012D-47C8-8BC9-1A080B2BA403}.Release|Any CPU.ActiveCfg = Release|Any CPU
		{35354187-012D-47C8-8BC9-1A080B2BA403}.Release|Any CPU.Build.0 = Release|Any CPU
		{C9E8C740-D879-417E-B13E-52E08D2430E4}.Debug|Any CPU.ActiveCfg = Debug|Any CPU
		{C9E8C740-D879-417E-B13E-52E08D2430E4}.Debug|Any CPU.Build.0 = Debug|Any CPU
		{C9E8C740-D879-417E-B13E-52E08D2430E4}.Release|Any CPU.ActiveCfg = Release|Any CPU
		{C9E8C740-D879-417E-B13E-52E08D2430E4}.Release|Any CPU.Build.0 = Release|Any CPU
		{BA292925-EBC6-40E1-9F42-639E770BD569}.Debug|Any CPU.ActiveCfg = Debug|Any CPU
		{BA292925-EBC6-40E1-9F42-639E770BD569}.Debug|Any CPU.Build.0 = Debug|Any CPU
		{BA292925-EBC6-40E1-9F42-639E770BD569}.Release|Any CPU.ActiveCfg = Release|Any CPU
		{BA292925-EBC6-40E1-9F42-639E770BD569}.Release|Any CPU.Build.0 = Release|Any CPU
		{5C8DC4AB-BB6D-4331-B295-9FE11BDEAB02}.Debug|Any CPU.ActiveCfg = Debug|Any CPU
		{5C8DC4AB-BB6D-4331-B295-9FE11BDEAB02}.Debug|Any CPU.Build.0 = Debug|Any CPU
		{5C8DC4AB-BB6D-4331-B295-9FE11BDEAB02}.Release|Any CPU.ActiveCfg = Release|Any CPU
		{5C8DC4AB-BB6D-4331-B295-9FE11BDEAB02}.Release|Any CPU.Build.0 = Release|Any CPU
		{0DD49044-65DA-40D8-9830-686D7620D213}.Debug|Any CPU.ActiveCfg = Debug|Any CPU
		{0DD49044-65DA-40D8-9830-686D7620D213}.Debug|Any CPU.Build.0 = Debug|Any CPU
		{0DD49044-65DA-40D8-9830-686D7620D213}.Release|Any CPU.ActiveCfg = Release|Any CPU
		{0DD49044-65DA-40D8-9830-686D7620D213}.Release|Any CPU.Build.0 = Release|Any CPU
	EndGlobalSection
	GlobalSection(SolutionProperties) = preSolution
		HideSolutionNode = FALSE
	EndGlobalSection
	GlobalSection(ExtensibilityGlobals) = postSolution
		SolutionGuid = {AFCD3699-B058-45FD-8705-23234BAC471C}
	EndGlobalSection
EndGlobal
